Microsoft Visual Studio Solution File, Format Version 12.00
# Visual Studio 15
VisualStudioVersion = 15.0.28010.2019
MinimumVisualStudioVersion = 10.0.40219.1
Project("{2150E333-8FDC-42A3-9474-1A3956D46DE8}") = "MQ2Dan_Projects", "MQ2Dan_Projects", "{836ECCDD-D3F2-4103-950B-FC9EC77B0E40}"
EndProject
Project("{8BC9CEB8-8B4A-11D0-8D11-00A0C91BC942}") = "MQ2DanNet", "MQ2DanNet\MQ2DanNet.vcxproj", "{739B2A7A-677B-47DB-8A49-C66A89FF6921}"
	ProjectSection(ProjectDependencies) = postProject
		{FDD2B322-0CB6-3124-9524-E0E59C0DC80B} = {FDD2B322-0CB6-3124-9524-E0E59C0DC80B}
		{80DCDB45-004D-3249-817C-3057A9D8EAF7} = {80DCDB45-004D-3249-817C-3057A9D8EAF7}
	EndProjectSection
EndProject
Project("{8BC9CEB8-8B4A-11D0-8D11-00A0C91BC942}") = "libsodium", "zyre\libsodium\libsodium.vcxproj", "{A185B162-6CB6-4502-B03F-B56F7699A8D9}"
EndProject
Project("{8BC9CEB8-8B4A-11D0-8D11-00A0C91BC942}") = "libzmq-static", "zyre\libzmq\build\libzmq-static.vcxproj", "{D3323E39-D113-3779-98E4-0C093DF15DAD}"
	ProjectSection(ProjectDependencies) = postProject
		{A185B162-6CB6-4502-B03F-B56F7699A8D9} = {A185B162-6CB6-4502-B03F-B56F7699A8D9}
	EndProjectSection
EndProject
Project("{8BC9CEB8-8B4A-11D0-8D11-00A0C91BC942}") = "czmq-static", "zyre\czmq\build\czmq-static.vcxproj", "{FDD2B322-0CB6-3124-9524-E0E59C0DC80B}"
	ProjectSection(ProjectDependencies) = postProject
		{D3323E39-D113-3779-98E4-0C093DF15DAD} = {D3323E39-D113-3779-98E4-0C093DF15DAD}
	EndProjectSection
EndProject
Project("{8BC9CEB8-8B4A-11D0-8D11-00A0C91BC942}") = "zyre-static", "zyre\zyre\build\zyre-static.vcxproj", "{80DCDB45-004D-3249-817C-3057A9D8EAF7}"
	ProjectSection(ProjectDependencies) = postProject
		{FDD2B322-0CB6-3124-9524-E0E59C0DC80B} = {FDD2B322-0CB6-3124-9524-E0E59C0DC80B}
		{D3323E39-D113-3779-98E4-0C093DF15DAD} = {D3323E39-D113-3779-98E4-0C093DF15DAD}
	EndProjectSection
EndProject
Project("{2150E333-8FDC-42A3-9474-1A3956D46DE8}") = "zyre_deps", "zyre_deps", "{AC326B4E-B7AF-406E-A250-B2ED623B7B76}"
EndProject
Global
	GlobalSection(SolutionConfigurationPlatforms) = preSolution
		Debug|Win32 = Debug|Win32
		Debug|x64 = Debug|x64
		Debug|x86 = Debug|x86
		DebugDLL|Win32 = DebugDLL|Win32
		DebugDLL|x64 = DebugDLL|x64
		DebugDLL|x86 = DebugDLL|x86
		MinSizeRel|Win32 = MinSizeRel|Win32
		MinSizeRel|x64 = MinSizeRel|x64
		MinSizeRel|x86 = MinSizeRel|x86
		Release|Win32 = Release|Win32
		Release|x64 = Release|x64
		Release|x86 = Release|x86
		ReleaseDLL|Win32 = ReleaseDLL|Win32
		ReleaseDLL|x64 = ReleaseDLL|x64
		ReleaseDLL|x86 = ReleaseDLL|x86
		RelWithDebInfo|Win32 = RelWithDebInfo|Win32
		RelWithDebInfo|x64 = RelWithDebInfo|x64
		RelWithDebInfo|x86 = RelWithDebInfo|x86
	EndGlobalSection
	GlobalSection(ProjectConfigurationPlatforms) = postSolution
		{739B2A7A-677B-47DB-8A49-C66A89FF6921}.Debug|Win32.ActiveCfg = Debug|Win32
		{739B2A7A-677B-47DB-8A49-C66A89FF6921}.Debug|Win32.Build.0 = Debug|Win32
		{739B2A7A-677B-47DB-8A49-C66A89FF6921}.Debug|x64.ActiveCfg = Debug|Win32
		{739B2A7A-677B-47DB-8A49-C66A89FF6921}.Debug|x86.ActiveCfg = Debug|Win32
		{739B2A7A-677B-47DB-8A49-C66A89FF6921}.Debug|x86.Build.0 = Debug|Win32
		{739B2A7A-677B-47DB-8A49-C66A89FF6921}.DebugDLL|Win32.ActiveCfg = Debug|Win32
		{739B2A7A-677B-47DB-8A49-C66A89FF6921}.DebugDLL|Win32.Build.0 = Debug|Win32
		{739B2A7A-677B-47DB-8A49-C66A89FF6921}.DebugDLL|x64.ActiveCfg = Release|Win32
		{739B2A7A-677B-47DB-8A49-C66A89FF6921}.DebugDLL|x64.Build.0 = Release|Win32
		{739B2A7A-677B-47DB-8A49-C66A89FF6921}.DebugDLL|x86.ActiveCfg = Debug|Win32
		{739B2A7A-677B-47DB-8A49-C66A89FF6921}.DebugDLL|x86.Build.0 = Debug|Win32
		{739B2A7A-677B-47DB-8A49-C66A89FF6921}.MinSizeRel|Win32.ActiveCfg = Release|Win32
		{739B2A7A-677B-47DB-8A49-C66A89FF6921}.MinSizeRel|Win32.Build.0 = Release|Win32
		{739B2A7A-677B-47DB-8A49-C66A89FF6921}.MinSizeRel|x64.ActiveCfg = Release|Win32
		{739B2A7A-677B-47DB-8A49-C66A89FF6921}.MinSizeRel|x64.Build.0 = Release|Win32
		{739B2A7A-677B-47DB-8A49-C66A89FF6921}.MinSizeRel|x86.ActiveCfg = Debug|Win32
		{739B2A7A-677B-47DB-8A49-C66A89FF6921}.MinSizeRel|x86.Build.0 = Debug|Win32
		{739B2A7A-677B-47DB-8A49-C66A89FF6921}.Release|Win32.ActiveCfg = Release|Win32
		{739B2A7A-677B-47DB-8A49-C66A89FF6921}.Release|Win32.Build.0 = Release|Win32
		{739B2A7A-677B-47DB-8A49-C66A89FF6921}.Release|x64.ActiveCfg = Release|Win32
		{739B2A7A-677B-47DB-8A49-C66A89FF6921}.Release|x86.ActiveCfg = Release|Win32
		{739B2A7A-677B-47DB-8A49-C66A89FF6921}.Release|x86.Build.0 = Release|Win32
		{739B2A7A-677B-47DB-8A49-C66A89FF6921}.ReleaseDLL|Win32.ActiveCfg = Release|Win32
		{739B2A7A-677B-47DB-8A49-C66A89FF6921}.ReleaseDLL|Win32.Build.0 = Release|Win32
		{739B2A7A-677B-47DB-8A49-C66A89FF6921}.ReleaseDLL|x64.ActiveCfg = Release|Win32
		{739B2A7A-677B-47DB-8A49-C66A89FF6921}.ReleaseDLL|x64.Build.0 = Release|Win32
		{739B2A7A-677B-47DB-8A49-C66A89FF6921}.ReleaseDLL|x86.ActiveCfg = Debug|Win32
		{739B2A7A-677B-47DB-8A49-C66A89FF6921}.ReleaseDLL|x86.Build.0 = Debug|Win32
		{739B2A7A-677B-47DB-8A49-C66A89FF6921}.RelWithDebInfo|Win32.ActiveCfg = Release|Win32
		{739B2A7A-677B-47DB-8A49-C66A89FF6921}.RelWithDebInfo|Win32.Build.0 = Release|Win32
		{739B2A7A-677B-47DB-8A49-C66A89FF6921}.RelWithDebInfo|x64.ActiveCfg = Release|Win32
		{739B2A7A-677B-47DB-8A49-C66A89FF6921}.RelWithDebInfo|x64.Build.0 = Release|Win32
		{739B2A7A-677B-47DB-8A49-C66A89FF6921}.RelWithDebInfo|x86.ActiveCfg = Debug|Win32
		{739B2A7A-677B-47DB-8A49-C66A89FF6921}.RelWithDebInfo|x86.Build.0 = Debug|Win32
		{A185B162-6CB6-4502-B03F-B56F7699A8D9}.Debug|Win32.ActiveCfg = Debug|Win32
		{A185B162-6CB6-4502-B03F-B56F7699A8D9}.Debug|Win32.Build.0 = Debug|Win32
		{A185B162-6CB6-4502-B03F-B56F7699A8D9}.Debug|x64.ActiveCfg = Debug|x64
		{A185B162-6CB6-4502-B03F-B56F7699A8D9}.Debug|x64.Build.0 = Debug|x64
		{A185B162-6CB6-4502-B03F-B56F7699A8D9}.Debug|x86.ActiveCfg = Debug|Win32
		{A185B162-6CB6-4502-B03F-B56F7699A8D9}.Debug|x86.Build.0 = Debug|Win32
		{A185B162-6CB6-4502-B03F-B56F7699A8D9}.DebugDLL|Win32.ActiveCfg = DebugDLL|Win32
		{A185B162-6CB6-4502-B03F-B56F7699A8D9}.DebugDLL|Win32.Build.0 = DebugDLL|Win32
		{A185B162-6CB6-4502-B03F-B56F7699A8D9}.DebugDLL|x64.ActiveCfg = DebugDLL|x64
		{A185B162-6CB6-4502-B03F-B56F7699A8D9}.DebugDLL|x64.Build.0 = DebugDLL|x64
		{A185B162-6CB6-4502-B03F-B56F7699A8D9}.DebugDLL|x86.ActiveCfg = Debug|Win32
		{A185B162-6CB6-4502-B03F-B56F7699A8D9}.DebugDLL|x86.Build.0 = Debug|Win32
		{A185B162-6CB6-4502-B03F-B56F7699A8D9}.MinSizeRel|Win32.ActiveCfg = ReleaseDLL|Win32
		{A185B162-6CB6-4502-B03F-B56F7699A8D9}.MinSizeRel|Win32.Build.0 = ReleaseDLL|Win32
		{A185B162-6CB6-4502-B03F-B56F7699A8D9}.MinSizeRel|x64.ActiveCfg = ReleaseDLL|x64
		{A185B162-6CB6-4502-B03F-B56F7699A8D9}.MinSizeRel|x64.Build.0 = ReleaseDLL|x64
		{A185B162-6CB6-4502-B03F-B56F7699A8D9}.MinSizeRel|x86.ActiveCfg = Debug|Win32
		{A185B162-6CB6-4502-B03F-B56F7699A8D9}.MinSizeRel|x86.Build.0 = Debug|Win32
		{A185B162-6CB6-4502-B03F-B56F7699A8D9}.Release|Win32.ActiveCfg = Release|Win32
		{A185B162-6CB6-4502-B03F-B56F7699A8D9}.Release|Win32.Build.0 = Release|Win32
		{A185B162-6CB6-4502-B03F-B56F7699A8D9}.Release|x64.ActiveCfg = Release|x64
		{A185B162-6CB6-4502-B03F-B56F7699A8D9}.Release|x64.Build.0 = Release|x64
		{A185B162-6CB6-4502-B03F-B56F7699A8D9}.Release|x86.ActiveCfg = Release|Win32
		{A185B162-6CB6-4502-B03F-B56F7699A8D9}.Release|x86.Build.0 = Release|Win32
		{A185B162-6CB6-4502-B03F-B56F7699A8D9}.ReleaseDLL|Win32.ActiveCfg = ReleaseDLL|Win32
		{A185B162-6CB6-4502-B03F-B56F7699A8D9}.ReleaseDLL|Win32.Build.0 = ReleaseDLL|Win32
		{A185B162-6CB6-4502-B03F-B56F7699A8D9}.ReleaseDLL|x64.ActiveCfg = ReleaseDLL|x64
		{A185B162-6CB6-4502-B03F-B56F7699A8D9}.ReleaseDLL|x64.Build.0 = ReleaseDLL|x64
		{A185B162-6CB6-4502-B03F-B56F7699A8D9}.ReleaseDLL|x86.ActiveCfg = Debug|Win32
		{A185B162-6CB6-4502-B03F-B56F7699A8D9}.ReleaseDLL|x86.Build.0 = Debug|Win32
		{A185B162-6CB6-4502-B03F-B56F7699A8D9}.RelWithDebInfo|Win32.ActiveCfg = ReleaseDLL|Win32
		{A185B162-6CB6-4502-B03F-B56F7699A8D9}.RelWithDebInfo|Win32.Build.0 = ReleaseDLL|Win32
		{A185B162-6CB6-4502-B03F-B56F7699A8D9}.RelWithDebInfo|x64.ActiveCfg = ReleaseDLL|x64
		{A185B162-6CB6-4502-B03F-B56F7699A8D9}.RelWithDebInfo|x64.Build.0 = ReleaseDLL|x64
		{A185B162-6CB6-4502-B03F-B56F7699A8D9}.RelWithDebInfo|x86.ActiveCfg = Debug|Win32
		{A185B162-6CB6-4502-B03F-B56F7699A8D9}.RelWithDebInfo|x86.Build.0 = Debug|Win32
		{D3323E39-D113-3779-98E4-0C093DF15DAD}.Debug|Win32.ActiveCfg = Debug|Win32
		{D3323E39-D113-3779-98E4-0C093DF15DAD}.Debug|Win32.Build.0 = Debug|Win32
		{D3323E39-D113-3779-98E4-0C093DF15DAD}.Debug|x64.ActiveCfg = Debug|Win32
		{D3323E39-D113-3779-98E4-0C093DF15DAD}.Debug|x86.ActiveCfg = Debug|Win32
		{D3323E39-D113-3779-98E4-0C093DF15DAD}.Debug|x86.Build.0 = Debug|Win32
		{D3323E39-D113-3779-98E4-0C093DF15DAD}.DebugDLL|Win32.ActiveCfg = Debug|Win32
		{D3323E39-D113-3779-98E4-0C093DF15DAD}.DebugDLL|Win32.Build.0 = Debug|Win32
		{D3323E39-D113-3779-98E4-0C093DF15DAD}.DebugDLL|x64.ActiveCfg = RelWithDebInfo|Win32
		{D3323E39-D113-3779-98E4-0C093DF15DAD}.DebugDLL|x64.Build.0 = RelWithDebInfo|Win32
		{D3323E39-D113-3779-98E4-0C093DF15DAD}.DebugDLL|x86.ActiveCfg = Debug|Win32
		{D3323E39-D113-3779-98E4-0C093DF15DAD}.DebugDLL|x86.Build.0 = Debug|Win32
		{D3323E39-D113-3779-98E4-0C093DF15DAD}.MinSizeRel|Win32.ActiveCfg = MinSizeRel|Win32
		{D3323E39-D113-3779-98E4-0C093DF15DAD}.MinSizeRel|Win32.Build.0 = MinSizeRel|Win32
		{D3323E39-D113-3779-98E4-0C093DF15DAD}.MinSizeRel|x64.ActiveCfg = MinSizeRel|Win32
		{D3323E39-D113-3779-98E4-0C093DF15DAD}.MinSizeRel|x86.ActiveCfg = Debug|Win32
		{D3323E39-D113-3779-98E4-0C093DF15DAD}.MinSizeRel|x86.Build.0 = Debug|Win32
		{D3323E39-D113-3779-98E4-0C093DF15DAD}.Release|Win32.ActiveCfg = Release|Win32
		{D3323E39-D113-3779-98E4-0C093DF15DAD}.Release|Win32.Build.0 = Release|Win32
		{D3323E39-D113-3779-98E4-0C093DF15DAD}.Release|x64.ActiveCfg = Release|Win32
		{D3323E39-D113-3779-98E4-0C093DF15DAD}.Release|x86.ActiveCfg = RelWithDebInfo|Win32
		{D3323E39-D113-3779-98E4-0C093DF15DAD}.Release|x86.Build.0 = RelWithDebInfo|Win32
		{D3323E39-D113-3779-98E4-0C093DF15DAD}.ReleaseDLL|Win32.ActiveCfg = Release|Win32
		{D3323E39-D113-3779-98E4-0C093DF15DAD}.ReleaseDLL|Win32.Build.0 = Release|Win32
		{D3323E39-D113-3779-98E4-0C093DF15DAD}.ReleaseDLL|x64.ActiveCfg = RelWithDebInfo|Win32
		{D3323E39-D113-3779-98E4-0C093DF15DAD}.ReleaseDLL|x64.Build.0 = RelWithDebInfo|Win32
		{D3323E39-D113-3779-98E4-0C093DF15DAD}.ReleaseDLL|x86.ActiveCfg = Debug|Win32
		{D3323E39-D113-3779-98E4-0C093DF15DAD}.ReleaseDLL|x86.Build.0 = Debug|Win32
		{D3323E39-D113-3779-98E4-0C093DF15DAD}.RelWithDebInfo|Win32.ActiveCfg = RelWithDebInfo|Win32
		{D3323E39-D113-3779-98E4-0C093DF15DAD}.RelWithDebInfo|Win32.Build.0 = RelWithDebInfo|Win32
		{D3323E39-D113-3779-98E4-0C093DF15DAD}.RelWithDebInfo|x64.ActiveCfg = RelWithDebInfo|Win32
		{D3323E39-D113-3779-98E4-0C093DF15DAD}.RelWithDebInfo|x86.ActiveCfg = Debug|Win32
		{D3323E39-D113-3779-98E4-0C093DF15DAD}.RelWithDebInfo|x86.Build.0 = Debug|Win32
		{FDD2B322-0CB6-3124-9524-E0E59C0DC80B}.Debug|Win32.ActiveCfg = Debug|Win32
		{FDD2B322-0CB6-3124-9524-E0E59C0DC80B}.Debug|Win32.Build.0 = Debug|Win32
		{FDD2B322-0CB6-3124-9524-E0E59C0DC80B}.Debug|x64.ActiveCfg = Debug|Win32
		{FDD2B322-0CB6-3124-9524-E0E59C0DC80B}.Debug|x86.ActiveCfg = Debug|Win32
		{FDD2B322-0CB6-3124-9524-E0E59C0DC80B}.Debug|x86.Build.0 = Debug|Win32
		{FDD2B322-0CB6-3124-9524-E0E59C0DC80B}.DebugDLL|Win32.ActiveCfg = Debug|Win32
		{FDD2B322-0CB6-3124-9524-E0E59C0DC80B}.DebugDLL|Win32.Build.0 = Debug|Win32
		{FDD2B322-0CB6-3124-9524-E0E59C0DC80B}.DebugDLL|x64.ActiveCfg = RelWithDebInfo|Win32
		{FDD2B322-0CB6-3124-9524-E0E59C0DC80B}.DebugDLL|x64.Build.0 = RelWithDebInfo|Win32
		{FDD2B322-0CB6-3124-9524-E0E59C0DC80B}.DebugDLL|x86.ActiveCfg = Debug|Win32
		{FDD2B322-0CB6-3124-9524-E0E59C0DC80B}.DebugDLL|x86.Build.0 = Debug|Win32
		{FDD2B322-0CB6-3124-9524-E0E59C0DC80B}.MinSizeRel|Win32.ActiveCfg = MinSizeRel|Win32
		{FDD2B322-0CB6-3124-9524-E0E59C0DC80B}.MinSizeRel|Win32.Build.0 = MinSizeRel|Win32
		{FDD2B322-0CB6-3124-9524-E0E59C0DC80B}.MinSizeRel|x64.ActiveCfg = MinSizeRel|Win32
		{FDD2B322-0CB6-3124-9524-E0E59C0DC80B}.MinSizeRel|x86.ActiveCfg = Debug|Win32
		{FDD2B322-0CB6-3124-9524-E0E59C0DC80B}.MinSizeRel|x86.Build.0 = Debug|Win32
		{FDD2B322-0CB6-3124-9524-E0E59C0DC80B}.Release|Win32.ActiveCfg = Release|Win32
		{FDD2B322-0CB6-3124-9524-E0E59C0DC80B}.Release|Win32.Build.0 = Release|Win32
		{FDD2B322-0CB6-3124-9524-E0E59C0DC80B}.Release|x64.ActiveCfg = Release|Win32
		{FDD2B322-0CB6-3124-9524-E0E59C0DC80B}.Release|x86.ActiveCfg = RelWithDebInfo|Win32
		{FDD2B322-0CB6-3124-9524-E0E59C0DC80B}.Release|x86.Build.0 = RelWithDebInfo|Win32
		{FDD2B322-0CB6-3124-9524-E0E59C0DC80B}.ReleaseDLL|Win32.ActiveCfg = Release|Win32
		{FDD2B322-0CB6-3124-9524-E0E59C0DC80B}.ReleaseDLL|Win32.Build.0 = Release|Win32
		{FDD2B322-0CB6-3124-9524-E0E59C0DC80B}.ReleaseDLL|x64.ActiveCfg = RelWithDebInfo|Win32
		{FDD2B322-0CB6-3124-9524-E0E59C0DC80B}.ReleaseDLL|x64.Build.0 = RelWithDebInfo|Win32
		{FDD2B322-0CB6-3124-9524-E0E59C0DC80B}.ReleaseDLL|x86.ActiveCfg = Debug|Win32
		{FDD2B322-0CB6-3124-9524-E0E59C0DC80B}.ReleaseDLL|x86.Build.0 = Debug|Win32
		{FDD2B322-0CB6-3124-9524-E0E59C0DC80B}.RelWithDebInfo|Win32.ActiveCfg = RelWithDebInfo|Win32
		{FDD2B322-0CB6-3124-9524-E0E59C0DC80B}.RelWithDebInfo|Win32.Build.0 = RelWithDebInfo|Win32
		{FDD2B322-0CB6-3124-9524-E0E59C0DC80B}.RelWithDebInfo|x64.ActiveCfg = RelWithDebInfo|Win32
		{FDD2B322-0CB6-3124-9524-E0E59C0DC80B}.RelWithDebInfo|x86.ActiveCfg = Debug|Win32
		{FDD2B322-0CB6-3124-9524-E0E59C0DC80B}.RelWithDebInfo|x86.Build.0 = Debug|Win32
		{80DCDB45-004D-3249-817C-3057A9D8EAF7}.Debug|Win32.ActiveCfg = Debug|Win32
		{80DCDB45-004D-3249-817C-3057A9D8EAF7}.Debug|Win32.Build.0 = Debug|Win32
		{80DCDB45-004D-3249-817C-3057A9D8EAF7}.Debug|x64.ActiveCfg = Debug|Win32
		{80DCDB45-004D-3249-817C-3057A9D8EAF7}.Debug|x86.ActiveCfg = Debug|Win32
		{80DCDB45-004D-3249-817C-3057A9D8EAF7}.Debug|x86.Build.0 = Debug|Win32
		{80DCDB45-004D-3249-817C-3057A9D8EAF7}.DebugDLL|Win32.ActiveCfg = Debug|Win32
		{80DCDB45-004D-3249-817C-3057A9D8EAF7}.DebugDLL|Win32.Build.0 = Debug|Win32
		{80DCDB45-004D-3249-817C-3057A9D8EAF7}.DebugDLL|x64.ActiveCfg = RelWithDebInfo|Win32
		{80DCDB45-004D-3249-817C-3057A9D8EAF7}.DebugDLL|x64.Build.0 = RelWithDebInfo|Win32
		{80DCDB45-004D-3249-817C-3057A9D8EAF7}.DebugDLL|x86.ActiveCfg = Debug|Win32
		{80DCDB45-004D-3249-817C-3057A9D8EAF7}.DebugDLL|x86.Build.0 = Debug|Win32
		{80DCDB45-004D-3249-817C-3057A9D8EAF7}.MinSizeRel|Win32.ActiveCfg = MinSizeRel|Win32
		{80DCDB45-004D-3249-817C-3057A9D8EAF7}.MinSizeRel|Win32.Build.0 = MinSizeRel|Win32
		{80DCDB45-004D-3249-817C-3057A9D8EAF7}.MinSizeRel|x64.ActiveCfg = MinSizeRel|Win32
		{80DCDB45-004D-3249-817C-3057A9D8EAF7}.MinSizeRel|x86.ActiveCfg = Debug|Win32
		{80DCDB45-004D-3249-817C-3057A9D8EAF7}.MinSizeRel|x86.Build.0 = Debug|Win32
		{80DCDB45-004D-3249-817C-3057A9D8EAF7}.Release|Win32.ActiveCfg = Release|Win32
		{80DCDB45-004D-3249-817C-3057A9D8EAF7}.Release|Win32.Build.0 = Release|Win32
		{80DCDB45-004D-3249-817C-3057A9D8EAF7}.Release|x64.ActiveCfg = Release|Win32
		{80DCDB45-004D-3249-817C-3057A9D8EAF7}.Release|x86.ActiveCfg = RelWithDebInfo|Win32
		{80DCDB45-004D-3249-817C-3057A9D8EAF7}.Release|x86.Build.0 = RelWithDebInfo|Win32
		{80DCDB45-004D-3249-817C-3057A9D8EAF7}.ReleaseDLL|Win32.ActiveCfg = Release|Win32
		{80DCDB45-004D-3249-817C-3057A9D8EAF7}.ReleaseDLL|Win32.Build.0 = Release|Win32
		{80DCDB45-004D-3249-817C-3057A9D8EAF7}.ReleaseDLL|x64.ActiveCfg = RelWithDebInfo|Win32
		{80DCDB45-004D-3249-817C-3057A9D8EAF7}.ReleaseDLL|x64.Build.0 = RelWithDebInfo|Win32
		{80DCDB45-004D-3249-817C-3057A9D8EAF7}.ReleaseDLL|x86.ActiveCfg = Debug|Win32
		{80DCDB45-004D-3249-817C-3057A9D8EAF7}.ReleaseDLL|x86.Build.0 = Debug|Win32
		{80DCDB45-004D-3249-817C-3057A9D8EAF7}.RelWithDebInfo|Win32.ActiveCfg = RelWithDebInfo|Win32
		{80DCDB45-004D-3249-817C-3057A9D8EAF7}.RelWithDebInfo|Win32.Build.0 = RelWithDebInfo|Win32
		{80DCDB45-004D-3249-817C-3057A9D8EAF7}.RelWithDebInfo|x64.ActiveCfg = RelWithDebInfo|Win32
		{80DCDB45-004D-3249-817C-3057A9D8EAF7}.RelWithDebInfo|x86.ActiveCfg = Debug|Win32
		{80DCDB45-004D-3249-817C-3057A9D8EAF7}.RelWithDebInfo|x86.Build.0 = Debug|Win32
	EndGlobalSection
	GlobalSection(SolutionProperties) = preSolution
		HideSolutionNode = FALSE
	EndGlobalSection
	GlobalSection(NestedProjects) = preSolution
		{739B2A7A-677B-47DB-8A49-C66A89FF6921} = {836ECCDD-D3F2-4103-950B-FC9EC77B0E40}
		{A185B162-6CB6-4502-B03F-B56F7699A8D9} = {AC326B4E-B7AF-406E-A250-B2ED623B7B76}
		{D3323E39-D113-3779-98E4-0C093DF15DAD} = {AC326B4E-B7AF-406E-A250-B2ED623B7B76}
		{FDD2B322-0CB6-3124-9524-E0E59C0DC80B} = {AC326B4E-B7AF-406E-A250-B2ED623B7B76}
		{80DCDB45-004D-3249-817C-3057A9D8EAF7} = {AC326B4E-B7AF-406E-A250-B2ED623B7B76}
		{AC326B4E-B7AF-406E-A250-B2ED623B7B76} = {836ECCDD-D3F2-4103-950B-FC9EC77B0E40}
	EndGlobalSection
	GlobalSection(ExtensibilityGlobals) = postSolution
		SolutionGuid = {869620D9-9D2F-3DD3-8C0D-59B101A78950}
	EndGlobalSection
EndGlobal
