Microsoft Visual Studio Solution File, Format Version 12.00
# Visual Studio 15
VisualStudioVersion = 15.0.28010.2019
MinimumVisualStudioVersion = 10.0.40219.1
Project("{2150E333-8FDC-42A3-9474-1A3956D46DE8}") = "MQ2Dan_Projects", "MQ2Dan_Projects", "{836ECCDD-D3F2-4103-950B-FC9EC77B0E40}"
EndProject
Project("{2150E333-8FDC-42A3-9474-1A3956D46DE8}") = "deps", "deps", "{AC326B4E-B7AF-406E-A250-B2ED623B7B76}"
EndProject
Project("{8BC9CEB8-8B4A-11D0-8D11-00A0C91BC942}") = "MQ2DanNet", "MQ2DanNet\MQ2DanNet.vcxproj", "{739B2A7A-677B-47DB-8A49-C66A89FF6921}"
EndProject
Project("{8BC9CEB8-8B4A-11D0-8D11-00A0C91BC942}") = "libczmq", "MQ2DanNet\deps\libczmq\libczmq.vcxproj", "{71AA3BF7-47E7-46E5-B0A2-09A929EFDFD5}"
EndProject
Project("{8BC9CEB8-8B4A-11D0-8D11-00A0C91BC942}") = "libzmq", "MQ2DanNet\deps\libzmq\libzmq.vcxproj", "{7F85105D-535D-467D-8B84-9EDEB4FE5EA5}"
EndProject
Project("{8BC9CEB8-8B4A-11D0-8D11-00A0C91BC942}") = "libzyre", "MQ2DanNet\deps\libzyre\libzyre.vcxproj", "{4F958C1B-A735-423B-83F4-3C080A60CD30}"
EndProject
Global
	GlobalSection(SolutionConfigurationPlatforms) = preSolution
		Debug|Win32 = Debug|Win32
		Debug|x64 = Debug|x64
		Debug|x86 = Debug|x86
		Release|Win32 = Release|Win32
		Release|x64 = Release|x64
		Release|x86 = Release|x86
	EndGlobalSection
	GlobalSection(ProjectConfigurationPlatforms) = postSolution
		{739B2A7A-677B-47DB-8A49-C66A89FF6921}.Debug|Win32.ActiveCfg = Debug|Win32
		{739B2A7A-677B-47DB-8A49-C66A89FF6921}.Debug|Win32.Build.0 = Debug|Win32
		{739B2A7A-677B-47DB-8A49-C66A89FF6921}.Debug|x64.ActiveCfg = Debug|Win32
		{739B2A7A-677B-47DB-8A49-C66A89FF6921}.Debug|x86.ActiveCfg = Debug|Win32
		{739B2A7A-677B-47DB-8A49-C66A89FF6921}.Debug|x86.Build.0 = Debug|Win32
		{739B2A7A-677B-47DB-8A49-C66A89FF6921}.Release|Win32.ActiveCfg = Release|Win32
		{739B2A7A-677B-47DB-8A49-C66A89FF6921}.Release|Win32.Build.0 = Release|Win32
		{739B2A7A-677B-47DB-8A49-C66A89FF6921}.Release|x64.ActiveCfg = Release|Win32
		{739B2A7A-677B-47DB-8A49-C66A89FF6921}.Release|x86.ActiveCfg = Release|Win32
		{739B2A7A-677B-47DB-8A49-C66A89FF6921}.Release|x86.Build.0 = Release|Win32
		{71AA3BF7-47E7-46E5-B0A2-09A929EFDFD5}.Debug|Win32.ActiveCfg = Debug|Win32
		{71AA3BF7-47E7-46E5-B0A2-09A929EFDFD5}.Debug|Win32.Build.0 = Debug|Win32
		{71AA3BF7-47E7-46E5-B0A2-09A929EFDFD5}.Debug|x64.ActiveCfg = Debug|x64
		{71AA3BF7-47E7-46E5-B0A2-09A929EFDFD5}.Debug|x64.Build.0 = Debug|x64
		{71AA3BF7-47E7-46E5-B0A2-09A929EFDFD5}.Debug|x86.ActiveCfg = Debug|Win32
		{71AA3BF7-47E7-46E5-B0A2-09A929EFDFD5}.Debug|x86.Build.0 = Debug|Win32
		{71AA3BF7-47E7-46E5-B0A2-09A929EFDFD5}.Release|Win32.ActiveCfg = Release|Win32
		{71AA3BF7-47E7-46E5-B0A2-09A929EFDFD5}.Release|Win32.Build.0 = Release|Win32
		{71AA3BF7-47E7-46E5-B0A2-09A929EFDFD5}.Release|x64.ActiveCfg = Release|x64
		{71AA3BF7-47E7-46E5-B0A2-09A929EFDFD5}.Release|x64.Build.0 = Release|x64
		{71AA3BF7-47E7-46E5-B0A2-09A929EFDFD5}.Release|x86.ActiveCfg = Release|Win32
		{71AA3BF7-47E7-46E5-B0A2-09A929EFDFD5}.Release|x86.Build.0 = Release|Win32
		{7F85105D-535D-467D-8B84-9EDEB4FE5EA5}.Debug|Win32.ActiveCfg = Debug|Win32
		{7F85105D-535D-467D-8B84-9EDEB4FE5EA5}.Debug|Win32.Build.0 = Debug|Win32
		{7F85105D-535D-467D-8B84-9EDEB4FE5EA5}.Debug|x64.ActiveCfg = Debug|x64
		{7F85105D-535D-467D-8B84-9EDEB4FE5EA5}.Debug|x64.Build.0 = Debug|x64
		{7F85105D-535D-467D-8B84-9EDEB4FE5EA5}.Debug|x86.ActiveCfg = Debug|Win32
		{7F85105D-535D-467D-8B84-9EDEB4FE5EA5}.Debug|x86.Build.0 = Debug|Win32
		{7F85105D-535D-467D-8B84-9EDEB4FE5EA5}.Release|Win32.ActiveCfg = Release|Win32
		{7F85105D-535D-467D-8B84-9EDEB4FE5EA5}.Release|Win32.Build.0 = Release|Win32
		{7F85105D-535D-467D-8B84-9EDEB4FE5EA5}.Release|x64.ActiveCfg = Release|x64
		{7F85105D-535D-467D-8B84-9EDEB4FE5EA5}.Release|x64.Build.0 = Release|x64
		{7F85105D-535D-467D-8B84-9EDEB4FE5EA5}.Release|x86.ActiveCfg = Release|Win32
		{7F85105D-535D-467D-8B84-9EDEB4FE5EA5}.Release|x86.Build.0 = Release|Win32
		{4F958C1B-A735-423B-83F4-3C080A60CD30}.Debug|Win32.ActiveCfg = Debug|Win32
		{4F958C1B-A735-423B-83F4-3C080A60CD30}.Debug|Win32.Build.0 = Debug|Win32
		{4F958C1B-A735-423B-83F4-3C080A60CD30}.Debug|x64.ActiveCfg = Debug|x64
		{4F958C1B-A735-423B-83F4-3C080A60CD30}.Debug|x64.Build.0 = Debug|x64
		{4F958C1B-A735-423B-83F4-3C080A60CD30}.Debug|x86.ActiveCfg = Debug|Win32
		{4F958C1B-A735-423B-83F4-3C080A60CD30}.Debug|x86.Build.0 = Debug|Win32
		{4F958C1B-A735-423B-83F4-3C080A60CD30}.Release|Win32.ActiveCfg = Release|Win32
		{4F958C1B-A735-423B-83F4-3C080A60CD30}.Release|Win32.Build.0 = Release|Win32
		{4F958C1B-A735-423B-83F4-3C080A60CD30}.Release|x64.ActiveCfg = Release|x64
		{4F958C1B-A735-423B-83F4-3C080A60CD30}.Release|x64.Build.0 = Release|x64
		{4F958C1B-A735-423B-83F4-3C080A60CD30}.Release|x86.ActiveCfg = Release|Win32
		{4F958C1B-A735-423B-83F4-3C080A60CD30}.Release|x86.Build.0 = Release|Win32
	EndGlobalSection
	GlobalSection(SolutionProperties) = preSolution
		HideSolutionNode = FALSE
	EndGlobalSection
	GlobalSection(NestedProjects) = preSolution
		{AC326B4E-B7AF-406E-A250-B2ED623B7B76} = {836ECCDD-D3F2-4103-950B-FC9EC77B0E40}
		{739B2A7A-677B-47DB-8A49-C66A89FF6921} = {836ECCDD-D3F2-4103-950B-FC9EC77B0E40}
		{71AA3BF7-47E7-46E5-B0A2-09A929EFDFD5} = {AC326B4E-B7AF-406E-A250-B2ED623B7B76}
		{7F85105D-535D-467D-8B84-9EDEB4FE5EA5} = {AC326B4E-B7AF-406E-A250-B2ED623B7B76}
		{4F958C1B-A735-423B-83F4-3C080A60CD30} = {AC326B4E-B7AF-406E-A250-B2ED623B7B76}
	EndGlobalSection
	GlobalSection(ExtensibilityGlobals) = postSolution
		SolutionGuid = {869620D9-9D2F-3DD3-8C0D-59B101A78950}
	EndGlobalSection
EndGlobal
